{
  "nodes": {
    "nixpkgs": {
      "locked": {
        "lastModified": 1749369410,
        "narHash": "sha256-P1eYm8bewiyWg3QaPCHrOp6iWg/7ESi/aGHT4yilyNo=",
        "owner": "NixOS",
        "repo": "nixpkgs",
        "rev": "8207ad0d501dd3590e0e81a7c56b386a5c4342c9",
        "type": "github"
      },
      "original": {
        "id": "nixpkgs",
        "type": "indirect"
      }
    },
    "nixpkgs_2": {
      "locked": {
        "lastModified": 1748856973,
        "narHash": "sha256-RlTsJUvvr8ErjPBsiwrGbbHYW8XbB/oek0Gi78XdWKg=",
        "owner": "NixOS",
        "repo": "nixpkgs",
        "rev": "e4b09e47ace7d87de083786b404bf232eb6c89d8",
        "type": "github"
      },
      "original": {
        "id": "nixpkgs",
        "type": "indirect"
      }
    },
    "odin-flake": {
      "inputs": {
        "nixpkgs": "nixpkgs_2"
      },
      "locked": {
        "path": "odin-flake",
        "type": "path"
      },
      "original": {
        "path": "odin-flake",
        "type": "path"
      },
      "parent": []
    },
    "root": {
      "inputs": {
        "nixpkgs": "nixpkgs",
        "odin-flake": "odin-flake"
      }
    }
  },
  "root": "root",
  "version": 7
}
